
Microsoft Visual Studio Solution File, Format Version 12.00
# Visual Studio Version 17
VisualStudioVersion = 17.0.31903.59
MinimumVisualStudioVersion = 10.0.40219.1
Project("{2150E333-8FDC-42A3-9474-1A3956D46DE8}") = "src", "src", "{827E0CD3-B72D-47B6-A68D-7590B98EB39B}"
EndProject
Project("{FAE04EC0-301F-11D3-BF4B-00C04F79EFBC}") = "TournamentOrganizer.Api", "src\TournamentOrganizer.Api\TournamentOrganizer.Api.csproj", "{3B4D4C9C-F456-46E6-B06A-5504A6C3CF94}"
EndProject
Project("{FAE04EC0-301F-11D3-BF4B-00C04F79EFBC}") = "TournamentOrganizer.Tests", "src\TournamentOrganizer.Tests\TournamentOrganizer.Tests.csproj", "{EB963B7D-6281-4653-ACDC-752E6C6C96CF}"
EndProject
Global
	GlobalSection(SolutionConfigurationPlatforms) = preSolution
		Debug|Any CPU = Debug|Any CPU
		Debug|x64 = Debug|x64
		Debug|x86 = Debug|x86
		Release|Any CPU = Release|Any CPU
		Release|x64 = Release|x64
		Release|x86 = Release|x86
	EndGlobalSection
	GlobalSection(ProjectConfigurationPlatforms) = postSolution
		{3B4D4C9C-F456-46E6-B06A-5504A6C3CF94}.Debug|Any CPU.ActiveCfg = Debug|Any CPU
		{3B4D4C9C-F456-46E6-B06A-5504A6C3CF94}.Debug|Any CPU.Build.0 = Debug|Any CPU
		{3B4D4C9C-F456-46E6-B06A-5504A6C3CF94}.Debug|x64.ActiveCfg = Debug|Any CPU
		{3B4D4C9C-F456-46E6-B06A-5504A6C3CF94}.Debug|x64.Build.0 = Debug|Any CPU
		{3B4D4C9C-F456-46E6-B06A-5504A6C3CF94}.Debug|x86.ActiveCfg = Debug|Any CPU
		{3B4D4C9C-F456-46E6-B06A-5504A6C3CF94}.Debug|x86.Build.0 = Debug|Any CPU
		{3B4D4C9C-F456-46E6-B06A-5504A6C3CF94}.Release|Any CPU.ActiveCfg = Release|Any CPU
		{3B4D4C9C-F456-46E6-B06A-5504A6C3CF94}.Release|Any CPU.Build.0 = Release|Any CPU
		{3B4D4C9C-F456-46E6-B06A-5504A6C3CF94}.Release|x64.ActiveCfg = Release|Any CPU
		{3B4D4C9C-F456-46E6-B06A-5504A6C3CF94}.Release|x64.Build.0 = Release|Any CPU
		{3B4D4C9C-F456-46E6-B06A-5504A6C3CF94}.Release|x86.ActiveCfg = Release|Any CPU
		{3B4D4C9C-F456-46E6-B06A-5504A6C3CF94}.Release|x86.Build.0 = Release|Any CPU
		{EB963B7D-6281-4653-ACDC-752E6C6C96CF}.Debug|Any CPU.ActiveCfg = Debug|Any CPU
		{EB963B7D-6281-4653-ACDC-752E6C6C96CF}.Debug|Any CPU.Build.0 = Debug|Any CPU
		{EB963B7D-6281-4653-ACDC-752E6C6C96CF}.Debug|x64.ActiveCfg = Debug|Any CPU
		{EB963B7D-6281-4653-ACDC-752E6C6C96CF}.Debug|x64.Build.0 = Debug|Any CPU
		{EB963B7D-6281-4653-ACDC-752E6C6C96CF}.Debug|x86.ActiveCfg = Debug|Any CPU
		{EB963B7D-6281-4653-ACDC-752E6C6C96CF}.Debug|x86.Build.0 = Debug|Any CPU
		{EB963B7D-6281-4653-ACDC-752E6C6C96CF}.Release|Any CPU.ActiveCfg = Release|Any CPU
		{EB963B7D-6281-4653-ACDC-752E6C6C96CF}.Release|Any CPU.Build.0 = Release|Any CPU
		{EB963B7D-6281-4653-ACDC-752E6C6C96CF}.Release|x64.ActiveCfg = Release|Any CPU
		{EB963B7D-6281-4653-ACDC-752E6C6C96CF}.Release|x64.Build.0 = Release|Any CPU
		{EB963B7D-6281-4653-ACDC-752E6C6C96CF}.Release|x86.ActiveCfg = Release|Any CPU
		{EB963B7D-6281-4653-ACDC-752E6C6C96CF}.Release|x86.Build.0 = Release|Any CPU
	EndGlobalSection
	GlobalSection(SolutionProperties) = preSolution
		HideSolutionNode = FALSE
	EndGlobalSection
	GlobalSection(NestedProjects) = preSolution
		{3B4D4C9C-F456-46E6-B06A-5504A6C3CF94} = {827E0CD3-B72D-47B6-A68D-7590B98EB39B}
		{EB963B7D-6281-4653-ACDC-752E6C6C96CF} = {827E0CD3-B72D-47B6-A68D-7590B98EB39B}
	EndGlobalSection
EndGlobal
